
Microsoft Visual Studio Solution File, Format Version 12.00
# Visual Studio 14
VisualStudioVersion = 14.0.25420.1
MinimumVisualStudioVersion = 10.0.40219.1
Project("{8BC9CEB8-8B4A-11D0-8D11-00A0C91BC942}") = "监护仪校准", "监护仪校准\监护仪校准.vcxproj", "{1C0E4CBE-D1C7-4189-A4BA-F9D05EE3A4EA}"
EndProject
Project("{8BC9CEB8-8B4A-11D0-8D11-00A0C91BC942}") = "硬件模拟器", "硬件模拟器\硬件模拟器.vcxproj", "{A952EB1A-8AB9-4131-9ADA-F7E0593F69ED}"
EndProject
Global
	GlobalSection(SolutionConfigurationPlatforms) = preSolution
		Debug|x64 = Debug|x64
		Debug|x86 = Debug|x86
		Release|x64 = Release|x64
		Release|x86 = Release|x86
	EndGlobalSection
	GlobalSection(ProjectConfigurationPlatforms) = postSolution
		{1C0E4CBE-D1C7-4189-A4BA-F9D05EE3A4EA}.Debug|x64.ActiveCfg = Debug|x64
		{1C0E4CBE-D1C7-4189-A4BA-F9D05EE3A4EA}.Debug|x64.Build.0 = Debug|x64
		{1C0E4CBE-D1C7-4189-A4BA-F9D05EE3A4EA}.Debug|x86.ActiveCfg = Debug|Win32
		{1C0E4CBE-D1C7-4189-A4BA-F9D05EE3A4EA}.Debug|x86.Build.0 = Debug|Win32
		{1C0E4CBE-D1C7-4189-A4BA-F9D05EE3A4EA}.Release|x64.ActiveCfg = Release|x64
		{1C0E4CBE-D1C7-4189-A4BA-F9D05EE3A4EA}.Release|x64.Build.0 = Release|x64
		{1C0E4CBE-D1C7-4189-A4BA-F9D05EE3A4EA}.Release|x86.ActiveCfg = Release|Win32
		{1C0E4CBE-D1C7-4189-A4BA-F9D05EE3A4EA}.Release|x86.Build.0 = Release|Win32
		{A952EB1A-8AB9-4131-9ADA-F7E0593F69ED}.Debug|x64.ActiveCfg = Debug|x64
		{A952EB1A-8AB9-4131-9ADA-F7E0593F69ED}.Debug|x64.Build.0 = Debug|x64
		{A952EB1A-8AB9-4131-9ADA-F7E0593F69ED}.Debug|x86.ActiveCfg = Debug|Win32
		{A952EB1A-8AB9-4131-9ADA-F7E0593F69ED}.Debug|x86.Build.0 = Debug|Win32
		{A952EB1A-8AB9-4131-9ADA-F7E0593F69ED}.Release|x64.ActiveCfg = Release|x64
		{A952EB1A-8AB9-4131-9ADA-F7E0593F69ED}.Release|x64.Build.0 = Release|x64
		{A952EB1A-8AB9-4131-9ADA-F7E0593F69ED}.Release|x86.ActiveCfg = Release|Win32
		{A952EB1A-8AB9-4131-9ADA-F7E0593F69ED}.Release|x86.Build.0 = Release|Win32
	EndGlobalSection
	GlobalSection(SolutionProperties) = preSolution
		HideSolutionNode = FALSE
	EndGlobalSection
EndGlobal
