
Microsoft Visual Studio Solution File, Format Version 12.00
# Visual Studio 14
VisualStudioVersion = 14.0.25420.1
MinimumVisualStudioVersion = 10.0.40219.1
Project("{8BC9CEB8-8B4A-11D0-8D11-00A0C91BC942}") = "luhe", "luhe\luhe.vcxproj", "{04EDFB20-A54F-456A-A0AD-FFED4D86CA6F}"
EndProject
Project("{8BC9CEB8-8B4A-11D0-8D11-00A0C91BC942}") = "update", "update\update.vcxproj", "{6A46FA24-B982-493D-8758-9F06A9EA2CBE}"
EndProject
Project("{8BC9CEB8-8B4A-11D0-8D11-00A0C91BC942}") = "setting", "setting\setting.vcxproj", "{56730612-2B50-49DA-B1E9-CA021F168BCE}"
EndProject
Global
	GlobalSection(SolutionConfigurationPlatforms) = preSolution
		Debug|x64 = Debug|x64
		Debug|x86 = Debug|x86
		Release|x64 = Release|x64
		Release|x86 = Release|x86
	EndGlobalSection
	GlobalSection(ProjectConfigurationPlatforms) = postSolution
		{04EDFB20-A54F-456A-A0AD-FFED4D86CA6F}.Debug|x64.ActiveCfg = Debug|x64
		{04EDFB20-A54F-456A-A0AD-FFED4D86CA6F}.Debug|x64.Build.0 = Debug|x64
		{04EDFB20-A54F-456A-A0AD-FFED4D86CA6F}.Debug|x86.ActiveCfg = Debug|Win32
		{04EDFB20-A54F-456A-A0AD-FFED4D86CA6F}.Debug|x86.Build.0 = Debug|Win32
		{04EDFB20-A54F-456A-A0AD-FFED4D86CA6F}.Release|x64.ActiveCfg = Release|x64
		{04EDFB20-A54F-456A-A0AD-FFED4D86CA6F}.Release|x64.Build.0 = Release|x64
		{04EDFB20-A54F-456A-A0AD-FFED4D86CA6F}.Release|x86.ActiveCfg = Release|Win32
		{04EDFB20-A54F-456A-A0AD-FFED4D86CA6F}.Release|x86.Build.0 = Release|Win32
		{6A46FA24-B982-493D-8758-9F06A9EA2CBE}.Debug|x64.ActiveCfg = Debug|x64
		{6A46FA24-B982-493D-8758-9F06A9EA2CBE}.Debug|x64.Build.0 = Debug|x64
		{6A46FA24-B982-493D-8758-9F06A9EA2CBE}.Debug|x86.ActiveCfg = Debug|Win32
		{6A46FA24-B982-493D-8758-9F06A9EA2CBE}.Debug|x86.Build.0 = Debug|Win32
		{6A46FA24-B982-493D-8758-9F06A9EA2CBE}.Release|x64.ActiveCfg = Release|x64
		{6A46FA24-B982-493D-8758-9F06A9EA2CBE}.Release|x64.Build.0 = Release|x64
		{6A46FA24-B982-493D-8758-9F06A9EA2CBE}.Release|x86.ActiveCfg = Release|Win32
		{6A46FA24-B982-493D-8758-9F06A9EA2CBE}.Release|x86.Build.0 = Release|Win32
		{56730612-2B50-49DA-B1E9-CA021F168BCE}.Debug|x64.ActiveCfg = Debug|x64
		{56730612-2B50-49DA-B1E9-CA021F168BCE}.Debug|x64.Build.0 = Debug|x64
		{56730612-2B50-49DA-B1E9-CA021F168BCE}.Debug|x86.ActiveCfg = Debug|Win32
		{56730612-2B50-49DA-B1E9-CA021F168BCE}.Debug|x86.Build.0 = Debug|Win32
		{56730612-2B50-49DA-B1E9-CA021F168BCE}.Release|x64.ActiveCfg = Release|x64
		{56730612-2B50-49DA-B1E9-CA021F168BCE}.Release|x64.Build.0 = Release|x64
		{56730612-2B50-49DA-B1E9-CA021F168BCE}.Release|x86.ActiveCfg = Release|Win32
		{56730612-2B50-49DA-B1E9-CA021F168BCE}.Release|x86.Build.0 = Release|Win32
	EndGlobalSection
	GlobalSection(SolutionProperties) = preSolution
		HideSolutionNode = FALSE
	EndGlobalSection
EndGlobal
