
Microsoft Visual Studio Solution File, Format Version 12.00
# Visual Studio 14
VisualStudioVersion = 14.0.25420.1
MinimumVisualStudioVersion = 10.0.40219.1
Project("{8BC9CEB8-8B4A-11D0-8D11-00A0C91BC942}") = "proj_menu", "proj_menu\proj_menu.vcxproj", "{012E8A35-2D5D-4BE8-B20A-D1550D5FA3EC}"
EndProject
Project("{8BC9CEB8-8B4A-11D0-8D11-00A0C91BC942}") = "proj_wait_progress", "proj_wait_progress\proj_wait_progress.vcxproj", "{FCF374DC-E7B2-4229-A6E4-58E30BBD9E1D}"
EndProject
Project("{8BC9CEB8-8B4A-11D0-8D11-00A0C91BC942}") = "proj_menuex", "proj_menuex\proj_menuex.vcxproj", "{237C46C0-39B7-4CE3-81B0-A9C9C9D18554}"
EndProject
Project("{8BC9CEB8-8B4A-11D0-8D11-00A0C91BC942}") = "proj_tree", "proj_tree\proj_tree.vcxproj", "{202F1BB6-61D6-4749-805E-6765BC69E7A4}"
EndProject
Project("{8BC9CEB8-8B4A-11D0-8D11-00A0C91BC942}") = "proj_blank", "proj_blank\proj_blank.vcxproj", "{34863D4A-1616-4977-A516-13505774E072}"
EndProject
Project("{8BC9CEB8-8B4A-11D0-8D11-00A0C91BC942}") = "proj_tree_config", "proj_tree_config\proj_tree_config.vcxproj", "{FFE374D6-3163-4730-974A-3787088AD71B}"
EndProject
Project("{8BC9CEB8-8B4A-11D0-8D11-00A0C91BC942}") = "tray", "tray\tray.vcxproj", "{510B3BE8-F07F-4067-93B1-C9656D198F4E}"
EndProject
Global
	GlobalSection(SolutionConfigurationPlatforms) = preSolution
		Debug|x64 = Debug|x64
		Debug|x86 = Debug|x86
		Release|x64 = Release|x64
		Release|x86 = Release|x86
	EndGlobalSection
	GlobalSection(ProjectConfigurationPlatforms) = postSolution
		{012E8A35-2D5D-4BE8-B20A-D1550D5FA3EC}.Debug|x64.ActiveCfg = Debug|x64
		{012E8A35-2D5D-4BE8-B20A-D1550D5FA3EC}.Debug|x64.Build.0 = Debug|x64
		{012E8A35-2D5D-4BE8-B20A-D1550D5FA3EC}.Debug|x86.ActiveCfg = Debug|Win32
		{012E8A35-2D5D-4BE8-B20A-D1550D5FA3EC}.Debug|x86.Build.0 = Debug|Win32
		{012E8A35-2D5D-4BE8-B20A-D1550D5FA3EC}.Release|x64.ActiveCfg = Release|x64
		{012E8A35-2D5D-4BE8-B20A-D1550D5FA3EC}.Release|x64.Build.0 = Release|x64
		{012E8A35-2D5D-4BE8-B20A-D1550D5FA3EC}.Release|x86.ActiveCfg = Release|Win32
		{012E8A35-2D5D-4BE8-B20A-D1550D5FA3EC}.Release|x86.Build.0 = Release|Win32
		{FCF374DC-E7B2-4229-A6E4-58E30BBD9E1D}.Debug|x64.ActiveCfg = Debug|x64
		{FCF374DC-E7B2-4229-A6E4-58E30BBD9E1D}.Debug|x64.Build.0 = Debug|x64
		{FCF374DC-E7B2-4229-A6E4-58E30BBD9E1D}.Debug|x86.ActiveCfg = Debug|Win32
		{FCF374DC-E7B2-4229-A6E4-58E30BBD9E1D}.Debug|x86.Build.0 = Debug|Win32
		{FCF374DC-E7B2-4229-A6E4-58E30BBD9E1D}.Release|x64.ActiveCfg = Release|x64
		{FCF374DC-E7B2-4229-A6E4-58E30BBD9E1D}.Release|x64.Build.0 = Release|x64
		{FCF374DC-E7B2-4229-A6E4-58E30BBD9E1D}.Release|x86.ActiveCfg = Release|Win32
		{FCF374DC-E7B2-4229-A6E4-58E30BBD9E1D}.Release|x86.Build.0 = Release|Win32
		{237C46C0-39B7-4CE3-81B0-A9C9C9D18554}.Debug|x64.ActiveCfg = Debug|x64
		{237C46C0-39B7-4CE3-81B0-A9C9C9D18554}.Debug|x64.Build.0 = Debug|x64
		{237C46C0-39B7-4CE3-81B0-A9C9C9D18554}.Debug|x86.ActiveCfg = Debug|Win32
		{237C46C0-39B7-4CE3-81B0-A9C9C9D18554}.Debug|x86.Build.0 = Debug|Win32
		{237C46C0-39B7-4CE3-81B0-A9C9C9D18554}.Release|x64.ActiveCfg = Release|x64
		{237C46C0-39B7-4CE3-81B0-A9C9C9D18554}.Release|x64.Build.0 = Release|x64
		{237C46C0-39B7-4CE3-81B0-A9C9C9D18554}.Release|x86.ActiveCfg = Release|Win32
		{237C46C0-39B7-4CE3-81B0-A9C9C9D18554}.Release|x86.Build.0 = Release|Win32
		{202F1BB6-61D6-4749-805E-6765BC69E7A4}.Debug|x64.ActiveCfg = Debug|x64
		{202F1BB6-61D6-4749-805E-6765BC69E7A4}.Debug|x64.Build.0 = Debug|x64
		{202F1BB6-61D6-4749-805E-6765BC69E7A4}.Debug|x86.ActiveCfg = Debug|Win32
		{202F1BB6-61D6-4749-805E-6765BC69E7A4}.Debug|x86.Build.0 = Debug|Win32
		{202F1BB6-61D6-4749-805E-6765BC69E7A4}.Release|x64.ActiveCfg = Release|x64
		{202F1BB6-61D6-4749-805E-6765BC69E7A4}.Release|x64.Build.0 = Release|x64
		{202F1BB6-61D6-4749-805E-6765BC69E7A4}.Release|x86.ActiveCfg = Release|Win32
		{202F1BB6-61D6-4749-805E-6765BC69E7A4}.Release|x86.Build.0 = Release|Win32
		{34863D4A-1616-4977-A516-13505774E072}.Debug|x64.ActiveCfg = Debug|x64
		{34863D4A-1616-4977-A516-13505774E072}.Debug|x64.Build.0 = Debug|x64
		{34863D4A-1616-4977-A516-13505774E072}.Debug|x86.ActiveCfg = Debug|Win32
		{34863D4A-1616-4977-A516-13505774E072}.Debug|x86.Build.0 = Debug|Win32
		{34863D4A-1616-4977-A516-13505774E072}.Release|x64.ActiveCfg = Release|x64
		{34863D4A-1616-4977-A516-13505774E072}.Release|x64.Build.0 = Release|x64
		{34863D4A-1616-4977-A516-13505774E072}.Release|x86.ActiveCfg = Release|Win32
		{34863D4A-1616-4977-A516-13505774E072}.Release|x86.Build.0 = Release|Win32
		{FFE374D6-3163-4730-974A-3787088AD71B}.Debug|x64.ActiveCfg = Debug|x64
		{FFE374D6-3163-4730-974A-3787088AD71B}.Debug|x64.Build.0 = Debug|x64
		{FFE374D6-3163-4730-974A-3787088AD71B}.Debug|x86.ActiveCfg = Debug|Win32
		{FFE374D6-3163-4730-974A-3787088AD71B}.Debug|x86.Build.0 = Debug|Win32
		{FFE374D6-3163-4730-974A-3787088AD71B}.Release|x64.ActiveCfg = Release|x64
		{FFE374D6-3163-4730-974A-3787088AD71B}.Release|x64.Build.0 = Release|x64
		{FFE374D6-3163-4730-974A-3787088AD71B}.Release|x86.ActiveCfg = Release|Win32
		{FFE374D6-3163-4730-974A-3787088AD71B}.Release|x86.Build.0 = Release|Win32
		{510B3BE8-F07F-4067-93B1-C9656D198F4E}.Debug|x64.ActiveCfg = Debug|x64
		{510B3BE8-F07F-4067-93B1-C9656D198F4E}.Debug|x64.Build.0 = Debug|x64
		{510B3BE8-F07F-4067-93B1-C9656D198F4E}.Debug|x86.ActiveCfg = Debug|Win32
		{510B3BE8-F07F-4067-93B1-C9656D198F4E}.Debug|x86.Build.0 = Debug|Win32
		{510B3BE8-F07F-4067-93B1-C9656D198F4E}.Release|x64.ActiveCfg = Release|x64
		{510B3BE8-F07F-4067-93B1-C9656D198F4E}.Release|x64.Build.0 = Release|x64
		{510B3BE8-F07F-4067-93B1-C9656D198F4E}.Release|x86.ActiveCfg = Release|Win32
		{510B3BE8-F07F-4067-93B1-C9656D198F4E}.Release|x86.Build.0 = Release|Win32
	EndGlobalSection
	GlobalSection(SolutionProperties) = preSolution
		HideSolutionNode = FALSE
	EndGlobalSection
EndGlobal
